// !$*UTF8*$!
{
	archiveVersion = 1;
	classes = {
	};
	objectVersion = 50;
	objects = {

/* Begin PBXBuildFile section */
		8C119B9226B16FDC00F82D2B /* Model.swift in Sources */ = {isa = PBXBuildFile; fileRef = 8C119B9126B16FDC00F82D2B /* Model.swift */; };
		8C119B9826B1822A00F82D2B /* TableViewCell.swift in Sources */ = {isa = PBXBuildFile; fileRef = 8C119B9726B1822A00F82D2B /* TableViewCell.swift */; };
		8C12BEC726ADDF3D00E216DB /* AppDelegate.swift in Sources */ = {isa = PBXBuildFile; fileRef = 8C12BEC626ADDF3D00E216DB /* AppDelegate.swift */; };
		8C12BECB26ADDF3D00E216DB /* ViewController.swift in Sources */ = {isa = PBXBuildFile; fileRef = 8C12BECA26ADDF3D00E216DB /* ViewController.swift */; };
		8C12BED026ADDF3E00E216DB /* Assets.xcassets in Resources */ = {isa = PBXBuildFile; fileRef = 8C12BECF26ADDF3E00E216DB /* Assets.xcassets */; };
		8C12BED326ADDF3E00E216DB /* LaunchScreen.storyboard in Resources */ = {isa = PBXBuildFile; fileRef = 8C12BED126ADDF3E00E216DB /* LaunchScreen.storyboard */; };
		8CDB145326B2C48100267EFA /* Data.swift in Sources */ = {isa = PBXBuildFile; fileRef = 8CDB145226B2C48100267EFA /* Data.swift */; };
		8CDB146126B3256100267EFA /* CellType.swift in Sources */ = {isa = PBXBuildFile; fileRef = 8CDB146026B3256100267EFA /* CellType.swift */; };
		8CDB146426B335FD00267EFA /* SwitchTableViewCell.swift in Sources */ = {isa = PBXBuildFile; fileRef = 8CDB146326B335FD00267EFA /* SwitchTableViewCell.swift */; };
		8CDB146726B33B0E00267EFA /* DescriptionTableViewCell.swift in Sources */ = {isa = PBXBuildFile; fileRef = 8CDB146626B33B0E00267EFA /* DescriptionTableViewCell.swift */; };
/* End PBXBuildFile section */

/* Begin PBXFileReference section */
		8C119B9126B16FDC00F82D2B /* Model.swift */ = {isa = PBXFileReference; lastKnownFileType = sourcecode.swift; path = Model.swift; sourceTree = "<group>"; };
		8C119B9726B1822A00F82D2B /* TableViewCell.swift */ = {isa = PBXFileReference; lastKnownFileType = sourcecode.swift; path = TableViewCell.swift; sourceTree = "<group>"; };
		8C12BEC326ADDF3D00E216DB /* CloneSettings.app */ = {isa = PBXFileReference; explicitFileType = wrapper.application; includeInIndex = 0; path = CloneSettings.app; sourceTree = BUILT_PRODUCTS_DIR; };
		8C12BEC626ADDF3D00E216DB /* AppDelegate.swift */ = {isa = PBXFileReference; lastKnownFileType = sourcecode.swift; path = AppDelegate.swift; sourceTree = "<group>"; };
		8C12BECA26ADDF3D00E216DB /* ViewController.swift */ = {isa = PBXFileReference; lastKnownFileType = sourcecode.swift; path = ViewController.swift; sourceTree = "<group>"; };
		8C12BECF26ADDF3E00E216DB /* Assets.xcassets */ = {isa = PBXFileReference; lastKnownFileType = folder.assetcatalog; path = Assets.xcassets; sourceTree = "<group>"; };
		8C12BED226ADDF3E00E216DB /* Base */ = {isa = PBXFileReference; lastKnownFileType = file.storyboard; name = Base; path = Base.lproj/LaunchScreen.storyboard; sourceTree = "<group>"; };
		8C12BED426ADDF3E00E216DB /* Info.plist */ = {isa = PBXFileReference; lastKnownFileType = text.plist.xml; path = Info.plist; sourceTree = "<group>"; };
		8CDB145226B2C48100267EFA /* Data.swift */ = {isa = PBXFileReference; lastKnownFileType = sourcecode.swift; path = Data.swift; sourceTree = "<group>"; };
		8CDB146026B3256100267EFA /* CellType.swift */ = {isa = PBXFileReference; lastKnownFileType = sourcecode.swift; path = CellType.swift; sourceTree = "<group>"; };
		8CDB146326B335FD00267EFA /* SwitchTableViewCell.swift */ = {isa = PBXFileReference; lastKnownFileType = sourcecode.swift; path = SwitchTableViewCell.swift; sourceTree = "<group>"; };
		8CDB146626B33B0E00267EFA /* DescriptionTableViewCell.swift */ = {isa = PBXFileReference; lastKnownFileType = sourcecode.swift; path = DescriptionTableViewCell.swift; sourceTree = "<group>"; };
/* End PBXFileReference section */

/* Begin PBXFrameworksBuildPhase section */
		8C12BEC026ADDF3D00E216DB /* Frameworks */ = {
			isa = PBXFrameworksBuildPhase;
			buildActionMask = 2147483647;
			files = (
			);
			runOnlyForDeploymentPostprocessing = 0;
		};
/* End PBXFrameworksBuildPhase section */

/* Begin PBXGroup section */
		8C12BEBA26ADDF3D00E216DB = {
			isa = PBXGroup;
			children = (
				8C12BEC526ADDF3D00E216DB /* CloneSettings */,
				8C12BEC426ADDF3D00E216DB /* Products */,
			);
			sourceTree = "<group>";
		};
		8C12BEC426ADDF3D00E216DB /* Products */ = {
			isa = PBXGroup;
			children = (
				8C12BEC326ADDF3D00E216DB /* CloneSettings.app */,
			);
			name = Products;
			sourceTree = "<group>";
		};
		8C12BEC526ADDF3D00E216DB /* CloneSettings */ = {
			isa = PBXGroup;
			children = (
				8C12BEC626ADDF3D00E216DB /* AppDelegate.swift */,
				8C12BECA26ADDF3D00E216DB /* ViewController.swift */,
				8C12BECF26ADDF3E00E216DB /* Assets.xcassets */,
				8C12BED126ADDF3E00E216DB /* LaunchScreen.storyboard */,
				8C12BED426ADDF3E00E216DB /* Info.plist */,
				8C119B9126B16FDC00F82D2B /* Model.swift */,
				8C119B9726B1822A00F82D2B /* TableViewCell.swift */,
				8CDB145226B2C48100267EFA /* Data.swift */,
				8CDB146026B3256100267EFA /* CellType.swift */,
				8CDB146326B335FD00267EFA /* SwitchTableViewCell.swift */,
				8CDB146626B33B0E00267EFA /* DescriptionTableViewCell.swift */,
			);
			path = CloneSettings;
			sourceTree = "<group>";
		};
/* End PBXGroup section */

/* Begin PBXNativeTarget section */
		8C12BEC226ADDF3D00E216DB /* CloneSettings */ = {
			isa = PBXNativeTarget;
			buildConfigurationList = 8C12BED726ADDF3E00E216DB /* Build configuration list for PBXNativeTarget "CloneSettings" */;
			buildPhases = (
				8C12BEBF26ADDF3D00E216DB /* Sources */,
				8C12BEC026ADDF3D00E216DB /* Frameworks */,
				8C12BEC126ADDF3D00E216DB /* Resources */,
			);
			buildRules = (
			);
			dependencies = (
			);
			name = CloneSettings;
			productName = CloneSettings;
			productReference = 8C12BEC326ADDF3D00E216DB /* CloneSettings.app */;
			productType = "com.apple.product-type.application";
		};
/* End PBXNativeTarget section */

/* Begin PBXProject section */
		8C12BEBB26ADDF3D00E216DB /* Project object */ = {
			isa = PBXProject;
			attributes = {
				LastSwiftUpdateCheck = 1240;
				LastUpgradeCheck = 1240;
				TargetAttributes = {
					8C12BEC226ADDF3D00E216DB = {
						CreatedOnToolsVersion = 12.4;
					};
				};
			};
			buildConfigurationList = 8C12BEBE26ADDF3D00E216DB /* Build configuration list for PBXProject "CloneSettings" */;
			compatibilityVersion = "Xcode 9.3";
			developmentRegion = en;
			hasScannedForEncodings = 0;
			knownRegions = (
				en,
				Base,
			);
			mainGroup = 8C12BEBA26ADDF3D00E216DB;
			productRefGroup = 8C12BEC426ADDF3D00E216DB /* Products */;
			projectDirPath = "";
			projectRoot = "";
			targets = (
				8C12BEC226ADDF3D00E216DB /* CloneSettings */,
			);
		};
/* End PBXProject section */

/* Begin PBXResourcesBuildPhase section */
		8C12BEC126ADDF3D00E216DB /* Resources */ = {
			isa = PBXResourcesBuildPhase;
			buildActionMask = 2147483647;
			files = (
				8C12BED326ADDF3E00E216DB /* LaunchScreen.storyboard in Resources */,
				8C12BED026ADDF3E00E216DB /* Assets.xcassets in Resources */,
			);
			runOnlyForDeploymentPostprocessing = 0;
		};
/* End PBXResourcesBuildPhase section */

/* Begin PBXSourcesBuildPhase section */
		8C12BEBF26ADDF3D00E216DB /* Sources */ = {
			isa = PBXSourcesBuildPhase;
			buildActionMask = 2147483647;
			files = (
				8CDB146726B33B0E00267EFA /* DescriptionTableViewCell.swift in Sources */,
				8C12BECB26ADDF3D00E216DB /* ViewController.swift in Sources */,
				8CDB146126B3256100267EFA /* CellType.swift in Sources */,
				8CDB146426B335FD00267EFA /* SwitchTableViewCell.swift in Sources */,
				8CDB145326B2C48100267EFA /* Data.swift in Sources */,
				8C119B9826B1822A00F82D2B /* TableViewCell.swift in Sources */,
				8C12BEC726ADDF3D00E216DB /* AppDelegate.swift in Sources */,
				8C119B9226B16FDC00F82D2B /* Model.swift in Sources */,
			);
			runOnlyForDeploymentPostprocessing = 0;
		};
/* End PBXSourcesBuildPhase section */

/* Begin PBXVariantGroup section */
		8C12BED126ADDF3E00E216DB /* LaunchScreen.storyboard */ = {
			isa = PBXVariantGroup;
			children = (
				8C12BED226ADDF3E00E216DB /* Base */,
			);
			name = LaunchScreen.storyboard;
			sourceTree = "<group>";
		};
/* End PBXVariantGroup section */

/* Begin XCBuildConfiguration section */
		8C12BED526ADDF3E00E216DB /* Debug */ = {
			isa = XCBuildConfiguration;
			buildSettings = {
				ALWAYS_SEARCH_USER_PATHS = NO;
				CLANG_ANALYZER_NONNULL = YES;
				CLANG_ANALYZER_NUMBER_OBJECT_CONVERSION = YES_AGGRESSIVE;
				CLANG_CXX_LANGUAGE_STANDARD = "gnu++14";
				CLANG_CXX_LIBRARY = "libc++";
				CLANG_ENABLE_MODULES = YES;
				CLANG_ENABLE_OBJC_ARC = YES;
				CLANG_ENABLE_OBJC_WEAK = YES;
				CLANG_WARN_BLOCK_CAPTURE_AUTORELEASING = YES;
				CLANG_WARN_BOOL_CONVERSION = YES;
				CLANG_WARN_COMMA = YES;
				CLANG_WARN_CONSTANT_CONVERSION = YES;
				CLANG_WARN_DEPRECATED_OBJC_IMPLEMENTATIONS = YES;
				CLANG_WARN_DIRECT_OBJC_ISA_USAGE = YES_ERROR;
				CLANG_WARN_DOCUMENTATION_COMMENTS = YES;
				CLANG_WARN_EMPTY_BODY = YES;
				CLANG_WARN_ENUM_CONVERSION = YES;
				CLANG_WARN_INFINITE_RECURSION = YES;
				CLANG_WARN_INT_CONVERSION = YES;
				CLANG_WARN_NON_LITERAL_NULL_CONVERSION = YES;
				CLANG_WARN_OBJC_IMPLICIT_RETAIN_SELF = YES;
				CLANG_WARN_OBJC_LITERAL_CONVERSION = YES;
				CLANG_WARN_OBJC_ROOT_CLASS = YES_ERROR;
				CLANG_WARN_QUOTED_INCLUDE_IN_FRAMEWORK_HEADER = YES;
				CLANG_WARN_RANGE_LOOP_ANALYSIS = YES;
				CLANG_WARN_STRICT_PROTOTYPES = YES;
				CLANG_WARN_SUSPICIOUS_MOVE = YES;
				CLANG_WARN_UNGUARDED_AVAILABILITY = YES_AGGRESSIVE;
				CLANG_WARN_UNREACHABLE_CODE = YES;
				CLANG_WARN__DUPLICATE_METHOD_MATCH = YES;
				COPY_PHASE_STRIP = NO;
				DEBUG_INFORMATION_FORMAT = dwarf;
				ENABLE_STRICT_OBJC_MSGSEND = YES;
				ENABLE_TESTABILITY = YES;
				GCC_C_LANGUAGE_STANDARD = gnu11;
				GCC_DYNAMIC_NO_PIC = NO;
				GCC_NO_COMMON_BLOCKS = YES;
				GCC_OPTIMIZATION_LEVEL = 0;
				GCC_PREPROCESSOR_DEFINITIONS = (
					"DEBUG=1",
					"$(inherited)",
				);
				GCC_WARN_64_TO_32_BIT_CONVERSION = YES;
				GCC_WARN_ABOUT_RETURN_TYPE = YES_ERROR;
				GCC_WARN_UNDECLARED_SELECTOR = YES;
				GCC_WARN_UNINITIALIZED_AUTOS = YES_AGGRESSIVE;
				GCC_WARN_UNUSED_FUNCTION = YES;
				GCC_WARN_UNUSED_VARIABLE = YES;
				IPHONEOS_DEPLOYMENT_TARGET = 14.4;
				MTL_ENABLE_DEBUG_INFO = INCLUDE_SOURCE;
				MTL_FAST_MATH = YES;
				ONLY_ACTIVE_ARCH = YES;
				SDKROOT = iphoneos;
				SWIFT_ACTIVE_COMPILATION_CONDITIONS = DEBUG;
				SWIFT_OPTIMIZATION_LEVEL = "-Onone";
			};
			name = Debug;
		};
		8C12BED626ADDF3E00E216DB /* Release */ = {
			isa = XCBuildConfiguration;
			buildSettings = {
				ALWAYS_SEARCH_USER_PATHS = NO;
				CLANG_ANALYZER_NONNULL = YES;
				CLANG_ANALYZER_NUMBER_OBJECT_CONVERSION = YES_AGGRESSIVE;
				CLANG_CXX_LANGUAGE_STANDARD = "gnu++14";
				CLANG_CXX_LIBRARY = "libc++";
				CLANG_ENABLE_MODULES = YES;
				CLANG_ENABLE_OBJC_ARC = YES;
				CLANG_ENABLE_OBJC_WEAK = YES;
				CLANG_WARN_BLOCK_CAPTURE_AUTORELEASING = YES;
				CLANG_WARN_BOOL_CONVERSION = YES;
				CLANG_WARN_COMMA = YES;
				CLANG_WARN_CONSTANT_CONVERSION = YES;
				CLANG_WARN_DEPRECATED_OBJC_IMPLEMENTATIONS = YES;
				CLANG_WARN_DIRECT_OBJC_ISA_USAGE = YES_ERROR;
				CLANG_WARN_DOCUMENTATION_COMMENTS = YES;
				CLANG_WARN_EMPTY_BODY = YES;
				CLANG_WARN_ENUM_CONVERSION = YES;
				CLANG_WARN_INFINITE_RECURSION = YES;
				CLANG_WARN_INT_CONVERSION = YES;
				CLANG_WARN_NON_LITERAL_NULL_CONVERSION = YES;
				CLANG_WARN_OBJC_IMPLICIT_RETAIN_SELF = YES;
				CLANG_WARN_OBJC_LITERAL_CONVERSION = YES;
				CLANG_WARN_OBJC_ROOT_CLASS = YES_ERROR;
				CLANG_WARN_QUOTED_INCLUDE_IN_FRAMEWORK_HEADER = YES;
				CLANG_WARN_RANGE_LOOP_ANALYSIS = YES;
				CLANG_WARN_STRICT_PROTOTYPES = YES;
				CLANG_WARN_SUSPICIOUS_MOVE = YES;
				CLANG_WARN_UNGUARDED_AVAILABILITY = YES_AGGRESSIVE;
				CLANG_WARN_UNREACHABLE_CODE = YES;
				CLANG_WARN__DUPLICATE_METHOD_MATCH = YES;
				COPY_PHASE_STRIP = NO;
				DEBUG_INFORMATION_FORMAT = "dwarf-with-dsym";
				ENABLE_NS_ASSERTIONS = NO;
				ENABLE_STRICT_OBJC_MSGSEND = YES;
				GCC_C_LANGUAGE_STANDARD = gnu11;
				GCC_NO_COMMON_BLOCKS = YES;
				GCC_WARN_64_TO_32_BIT_CONVERSION = YES;
				GCC_WARN_ABOUT_RETURN_TYPE = YES_ERROR;
				GCC_WARN_UNDECLARED_SELECTOR = YES;
				GCC_WARN_UNINITIALIZED_AUTOS = YES_AGGRESSIVE;
				GCC_WARN_UNUSED_FUNCTION = YES;
				GCC_WARN_UNUSED_VARIABLE = YES;
				IPHONEOS_DEPLOYMENT_TARGET = 14.4;
				MTL_ENABLE_DEBUG_INFO = NO;
				MTL_FAST_MATH = YES;
				SDKROOT = iphoneos;
				SWIFT_COMPILATION_MODE = wholemodule;
				SWIFT_OPTIMIZATION_LEVEL = "-O";
				VALIDATE_PRODUCT = YES;
			};
			name = Release;
		};
		8C12BED826ADDF3E00E216DB /* Debug */ = {
			isa = XCBuildConfiguration;
			buildSettings = {
				ASSETCATALOG_COMPILER_APPICON_NAME = AppIcon;
				ASSETCATALOG_COMPILER_GLOBAL_ACCENT_COLOR_NAME = AccentColor;
				CODE_SIGN_STYLE = Automatic;
				DEVELOPMENT_TEAM = WB7L969VN9;
				INFOPLIST_FILE = CloneSettings/Info.plist;
				LD_RUNPATH_SEARCH_PATHS = (
					"$(inherited)",
					"@executable_path/Frameworks",
				);
				PRODUCT_BUNDLE_IDENTIFIER = com.my.CloneSettings;
				PRODUCT_NAME = "$(TARGET_NAME)";
				SWIFT_VERSION = 5.0;
				TARGETED_DEVICE_FAMILY = "1,2";
			};
			name = Debug;
		};
		8C12BED926ADDF3E00E216DB /* Release */ = {
			isa = XCBuildConfiguration;
			buildSettings = {
				ASSETCATALOG_COMPILER_APPICON_NAME = AppIcon;
				ASSETCATALOG_COMPILER_GLOBAL_ACCENT_COLOR_NAME = AccentColor;
				CODE_SIGN_STYLE = Automatic;
				DEVELOPMENT_TEAM = WB7L969VN9;
				INFOPLIST_FILE = CloneSettings/Info.plist;
				LD_RUNPATH_SEARCH_PATHS = (
					"$(inherited)",
					"@executable_path/Frameworks",
				);
				PRODUCT_BUNDLE_IDENTIFIER = com.my.CloneSettings;
				PRODUCT_NAME = "$(TARGET_NAME)";
				SWIFT_VERSION = 5.0;
				TARGETED_DEVICE_FAMILY = "1,2";
			};
			name = Release;
		};
/* End XCBuildConfiguration section */

/* Begin XCConfigurationList section */
		8C12BEBE26ADDF3D00E216DB /* Build configuration list for PBXProject "CloneSettings" */ = {
			isa = XCConfigurationList;
			buildConfigurations = (
				8C12BED526ADDF3E00E216DB /* Debug */,
				8C12BED626ADDF3E00E216DB /* Release */,
			);
			defaultConfigurationIsVisible = 0;
			defaultConfigurationName = Release;
		};
		8C12BED726ADDF3E00E216DB /* Build configuration list for PBXNativeTarget "CloneSettings" */ = {
			isa = XCConfigurationList;
			buildConfigurations = (
				8C12BED826ADDF3E00E216DB /* Debug */,
				8C12BED926ADDF3E00E216DB /* Release */,
			);
			defaultConfigurationIsVisible = 0;
			defaultConfigurationName = Release;
		};
/* End XCConfigurationList section */
	};
	rootObject = 8C12BEBB26ADDF3D00E216DB /* Project object */;
}
